<?xml version="1.0" encoding="utf-8"?>
<Project ToolsVersion="4.0" xmlns="http://schemas.microsoft.com/developer/msbuild/2003">
  <ItemGroup>
    <ClCompile Include="GameState.cpp">
      <Filter>States</Filter>
    </ClCompile>
    <ClCompile Include="TravelState.cpp">
      <Filter>States</Filter>
    </ClCompile>
    <ClCompile Include="TileMap.cpp">
      <Filter>Assets</Filter>
    </ClCompile>
    <ClCompile Include="Main.cpp">
      <Filter>Source</Filter>
    </ClCompile>
    <ClCompile Include="Game.cpp">
      <Filter>Source</Filter>
    </ClCompile>
    <ClCompile Include="State.cpp">
      <Filter>Source</Filter>
    </ClCompile>
    <ClCompile Include="Sprite.cpp">
      <Filter>Assets</Filter>
    </ClCompile>
    <ClCompile Include="Rectangle.cpp">
      <Filter>Assets</Filter>
    </ClCompile>
    <ClCompile Include="Button.cpp">
      <Filter>Assets</Filter>
    </ClCompile>
    <ClCompile Include="Inventory.cpp">
      <Filter>Components</Filter>
    </ClCompile>
  </ItemGroup>
  <ItemGroup>
    <ClInclude Include="GameState.h">
      <Filter>States</Filter>
    </ClInclude>
    <ClInclude Include="TravelState.h">
      <Filter>States</Filter>
    </ClInclude>
    <ClInclude Include="TileMap.h">
      <Filter>Assets</Filter>
    </ClInclude>
    <ClInclude Include="Game.h">
      <Filter>Source</Filter>
    </ClInclude>
    <ClInclude Include="State.h">
      <Filter>Source</Filter>
    </ClInclude>
    <ClInclude Include="Sprite.h">
      <Filter>Assets</Filter>
    </ClInclude>
    <ClInclude Include="Rectangle.h">
      <Filter>Assets</Filter>
    </ClInclude>
    <ClInclude Include="Button.h">
      <Filter>Assets</Filter>
    </ClInclude>
    <ClInclude Include="Inventory.h">
      <Filter>Components</Filter>
    </ClInclude>
  </ItemGroup>
  <ItemGroup>
    <Filter Include="States">
      <UniqueIdentifier>{73241ba6-4950-43c5-aabd-3af192709b37}</UniqueIdentifier>
    </Filter>
    <Filter Include="Assets">
      <UniqueIdentifier>{513ff15a-00e1-4d0f-b6b3-59ba67505ad8}</UniqueIdentifier>
    </Filter>
    <Filter Include="Source">
      <UniqueIdentifier>{5fb67664-b76e-4a4a-951c-e80791f5c0bd}</UniqueIdentifier>
    </Filter>
    <Filter Include="Components">
      <UniqueIdentifier>{b80448ff-6501-4f00-b856-6b898cf78d42}</UniqueIdentifier>
    </Filter>
  </ItemGroup>
</Project>